
Microsoft Visual Studio Solution File, Format Version 12.00
# Visual Studio Version 16
VisualStudioVersion = 16.0.29201.188
MinimumVisualStudioVersion = 10.0.40219.1
Project("{FAE04EC0-301F-11D3-BF4B-00C04F79EFBC}") = "DotNetToolBox", "DotNetToolBox\DotNetToolBox.csproj", "{72717138-6942-4BCB-81F0-B614E419B367}"
EndProject
Project("{FAE04EC0-301F-11D3-BF4B-00C04F79EFBC}") = "DotNetToolBox.Tester", "DotNetToolBox.Tester\DotNetToolBox.Tester.csproj", "{402BB53C-914B-4EDB-92D8-7E123C60B3EA}"
EndProject
Global
	GlobalSection(SolutionConfigurationPlatforms) = preSolution
		Debug|x64 = Debug|x64
		Debug|x86 = Debug|x86
		Release|x64 = Release|x64
		Release|x86 = Release|x86
	EndGlobalSection
	GlobalSection(ProjectConfigurationPlatforms) = postSolution
		{72717138-6942-4BCB-81F0-B614E419B367}.Debug|x64.ActiveCfg = Debug|x64
		{72717138-6942-4BCB-81F0-B614E419B367}.Debug|x64.Build.0 = Debug|x64
		{72717138-6942-4BCB-81F0-B614E419B367}.Debug|x86.ActiveCfg = Debug|x86
		{72717138-6942-4BCB-81F0-B614E419B367}.Debug|x86.Build.0 = Debug|x86
		{72717138-6942-4BCB-81F0-B614E419B367}.Release|x64.ActiveCfg = Release|x64
		{72717138-6942-4BCB-81F0-B614E419B367}.Release|x64.Build.0 = Release|x64
		{72717138-6942-4BCB-81F0-B614E419B367}.Release|x86.ActiveCfg = Release|x86
		{72717138-6942-4BCB-81F0-B614E419B367}.Release|x86.Build.0 = Release|x86
		{402BB53C-914B-4EDB-92D8-7E123C60B3EA}.Debug|x64.ActiveCfg = Debug|x64
		{402BB53C-914B-4EDB-92D8-7E123C60B3EA}.Debug|x64.Build.0 = Debug|x64
		{402BB53C-914B-4EDB-92D8-7E123C60B3EA}.Debug|x86.ActiveCfg = Debug|x86
		{402BB53C-914B-4EDB-92D8-7E123C60B3EA}.Debug|x86.Build.0 = Debug|x86
		{402BB53C-914B-4EDB-92D8-7E123C60B3EA}.Release|x64.ActiveCfg = Release|x64
		{402BB53C-914B-4EDB-92D8-7E123C60B3EA}.Release|x64.Build.0 = Release|x64
		{402BB53C-914B-4EDB-92D8-7E123C60B3EA}.Release|x86.ActiveCfg = Release|x86
		{402BB53C-914B-4EDB-92D8-7E123C60B3EA}.Release|x86.Build.0 = Release|x86
	EndGlobalSection
	GlobalSection(SolutionProperties) = preSolution
		HideSolutionNode = FALSE
	EndGlobalSection
	GlobalSection(ExtensibilityGlobals) = postSolution
		SolutionGuid = {958840FD-FBBE-4854-AB61-B80C1054D682}
	EndGlobalSection
EndGlobal
